
Microsoft Visual Studio Solution File, Format Version 12.00
# Visual Studio Version 16
VisualStudioVersion = 16.0.32002.261
MinimumVisualStudioVersion = 10.0.40219.1
Project("{FAE04EC0-301F-11D3-BF4B-00C04F79EFBC}") = "AssetManagementSystemAPI", "AssetManagementSystemAPI\AssetManagementSystemAPI.csproj", "{B0A321B3-5C92-4BF0-B27B-919D591A477F}"
EndProject
Global
	GlobalSection(SolutionConfigurationPlatforms) = preSolution
		Debug|Any CPU = Debug|Any CPU
		Release|Any CPU = Release|Any CPU
	EndGlobalSection
	GlobalSection(ProjectConfigurationPlatforms) = postSolution
		{B0A321B3-5C92-4BF0-B27B-919D591A477F}.Debug|Any CPU.ActiveCfg = Debug|Any CPU
		{B0A321B3-5C92-4BF0-B27B-919D591A477F}.Debug|Any CPU.Build.0 = Debug|Any CPU
		{B0A321B3-5C92-4BF0-B27B-919D591A477F}.Release|Any CPU.ActiveCfg = Release|Any CPU
		{B0A321B3-5C92-4BF0-B27B-919D591A477F}.Release|Any CPU.Build.0 = Release|Any CPU
	EndGlobalSection
	GlobalSection(SolutionProperties) = preSolution
		HideSolutionNode = FALSE
	EndGlobalSection
	GlobalSection(ExtensibilityGlobals) = postSolution
		SolutionGuid = {DE91F09E-336E-49EE-82F3-4DE4AE720ACE}
	EndGlobalSection
EndGlobal
